// !$*UTF8*$!
{
	archiveVersion = 1;
	classes = {
	};
	objectVersion = 46;
	objects = {

/* Begin PBXBuildFile section */
		402E25181E63C1B0006B525D /* main.m in Sources */ = {isa = PBXBuildFile; fileRef = 402E25171E63C1B0006B525D /* main.m */; };
		402E251B1E63C1B0006B525D /* AppDelegate.m in Sources */ = {isa = PBXBuildFile; fileRef = 402E251A1E63C1B0006B525D /* AppDelegate.m */; };
		402E25211E63C1B0006B525D /* Main.storyboard in Resources */ = {isa = PBXBuildFile; fileRef = 402E251F1E63C1B0006B525D /* Main.storyboard */; };
		402E25231E63C1B0006B525D /* Assets.xcassets in Resources */ = {isa = PBXBuildFile; fileRef = 402E25221E63C1B0006B525D /* Assets.xcassets */; };
		402E25261E63C1B0006B525D /* LaunchScreen.storyboard in Resources */ = {isa = PBXBuildFile; fileRef = 402E25241E63C1B0006B525D /* LaunchScreen.storyboard */; };
		402E25311E63C1B0006B525D /* OtherViewsTests.m in Sources */ = {isa = PBXBuildFile; fileRef = 402E25301E63C1B0006B525D /* OtherViewsTests.m */; };
		402E253C1E63C1B0006B525D /* OtherViewsUITests.m in Sources */ = {isa = PBXBuildFile; fileRef = 402E253B1E63C1B0006B525D /* OtherViewsUITests.m */; };
		402E254B1E63C1FC006B525D /* RootViewController.m in Sources */ = {isa = PBXBuildFile; fileRef = 402E254A1E63C1FC006B525D /* RootViewController.m */; };
		402E254E1E63C26C006B525D /* ViewController_0.m in Sources */ = {isa = PBXBuildFile; fileRef = 402E254D1E63C26C006B525D /* ViewController_0.m */; };
		402E25511E63C277006B525D /* ViewController_2.m in Sources */ = {isa = PBXBuildFile; fileRef = 402E25501E63C277006B525D /* ViewController_2.m */; };
		402E25541E63C282006B525D /* ViewController_1.m in Sources */ = {isa = PBXBuildFile; fileRef = 402E25531E63C282006B525D /* ViewController_1.m */; };
		402E25571E63C28E006B525D /* ViewController_3.m in Sources */ = {isa = PBXBuildFile; fileRef = 402E25561E63C28E006B525D /* ViewController_3.m */; };
		402E255A1E63C298006B525D /* ViewController_4.m in Sources */ = {isa = PBXBuildFile; fileRef = 402E25591E63C298006B525D /* ViewController_4.m */; };
		402E255D1E63C2A9006B525D /* ViewController_5.m in Sources */ = {isa = PBXBuildFile; fileRef = 402E255C1E63C2A9006B525D /* ViewController_5.m */; };
		402E25601E63C2B8006B525D /* ViewController_6.m in Sources */ = {isa = PBXBuildFile; fileRef = 402E255F1E63C2B8006B525D /* ViewController_6.m */; };
		402E25631E63C2E2006B525D /* ViewController_7.m in Sources */ = {isa = PBXBuildFile; fileRef = 402E25621E63C2E2006B525D /* ViewController_7.m */; };
		402E25681E63D071006B525D /* onimage.png in Resources */ = {isa = PBXBuildFile; fileRef = 402E25671E63D071006B525D /* onimage.png */; };
/* End PBXBuildFile section */

/* Begin PBXContainerItemProxy section */
		402E252D1E63C1B0006B525D /* PBXContainerItemProxy */ = {
			isa = PBXContainerItemProxy;
			containerPortal = 402E250B1E63C1B0006B525D /* Project object */;
			proxyType = 1;
			remoteGlobalIDString = 402E25121E63C1B0006B525D;
			remoteInfo = OtherViews;
		};
		402E25381E63C1B0006B525D /* PBXContainerItemProxy */ = {
			isa = PBXContainerItemProxy;
			containerPortal = 402E250B1E63C1B0006B525D /* Project object */;
			proxyType = 1;
			remoteGlobalIDString = 402E25121E63C1B0006B525D;
			remoteInfo = OtherViews;
		};
/* End PBXContainerItemProxy section */

/* Begin PBXFileReference section */
		402E25131E63C1B0006B525D /* OtherViews.app */ = {isa = PBXFileReference; explicitFileType = wrapper.application; includeInIndex = 0; path = OtherViews.app; sourceTree = BUILT_PRODUCTS_DIR; };
		402E25171E63C1B0006B525D /* main.m */ = {isa = PBXFileReference; lastKnownFileType = sourcecode.c.objc; path = main.m; sourceTree = "<group>"; };
		402E25191E63C1B0006B525D /* AppDelegate.h */ = {isa = PBXFileReference; lastKnownFileType = sourcecode.c.h; path = AppDelegate.h; sourceTree = "<group>"; };
		402E251A1E63C1B0006B525D /* AppDelegate.m */ = {isa = PBXFileReference; lastKnownFileType = sourcecode.c.objc; path = AppDelegate.m; sourceTree = "<group>"; };
		402E25201E63C1B0006B525D /* Base */ = {isa = PBXFileReference; lastKnownFileType = file.storyboard; name = Base; path = Base.lproj/Main.storyboard; sourceTree = "<group>"; };
		402E25221E63C1B0006B525D /* Assets.xcassets */ = {isa = PBXFileReference; lastKnownFileType = folder.assetcatalog; path = Assets.xcassets; sourceTree = "<group>"; };
		402E25251E63C1B0006B525D /* Base */ = {isa = PBXFileReference; lastKnownFileType = file.storyboard; name = Base; path = Base.lproj/LaunchScreen.storyboard; sourceTree = "<group>"; };
		402E25271E63C1B0006B525D /* Info.plist */ = {isa = PBXFileReference; lastKnownFileType = text.plist.xml; path = Info.plist; sourceTree = "<group>"; };
		402E252C1E63C1B0006B525D /* OtherViewsTests.xctest */ = {isa = PBXFileReference; explicitFileType = wrapper.cfbundle; includeInIndex = 0; path = OtherViewsTests.xctest; sourceTree = BUILT_PRODUCTS_DIR; };
		402E25301E63C1B0006B525D /* OtherViewsTests.m */ = {isa = PBXFileReference; lastKnownFileType = sourcecode.c.objc; path = OtherViewsTests.m; sourceTree = "<group>"; };
		402E25321E63C1B0006B525D /* Info.plist */ = {isa = PBXFileReference; lastKnownFileType = text.plist.xml; path = Info.plist; sourceTree = "<group>"; };
		402E25371E63C1B0006B525D /* OtherViewsUITests.xctest */ = {isa = PBXFileReference; explicitFileType = wrapper.cfbundle; includeInIndex = 0; path = OtherViewsUITests.xctest; sourceTree = BUILT_PRODUCTS_DIR; };
		402E253B1E63C1B0006B525D /* OtherViewsUITests.m */ = {isa = PBXFileReference; lastKnownFileType = sourcecode.c.objc; path = OtherViewsUITests.m; sourceTree = "<group>"; };
		402E253D1E63C1B0006B525D /* Info.plist */ = {isa = PBXFileReference; lastKnownFileType = text.plist.xml; path = Info.plist; sourceTree = "<group>"; };
		402E25491E63C1FC006B525D /* RootViewController.h */ = {isa = PBXFileReference; fileEncoding = 4; lastKnownFileType = sourcecode.c.h; path = RootViewController.h; sourceTree = "<group>"; };
		402E254A1E63C1FC006B525D /* RootViewController.m */ = {isa = PBXFileReference; fileEncoding = 4; lastKnownFileType = sourcecode.c.objc; path = RootViewController.m; sourceTree = "<group>"; };
		402E254C1E63C26C006B525D /* ViewController_0.h */ = {isa = PBXFileReference; fileEncoding = 4; lastKnownFileType = sourcecode.c.h; path = ViewController_0.h; sourceTree = "<group>"; };
		402E254D1E63C26C006B525D /* ViewController_0.m */ = {isa = PBXFileReference; fileEncoding = 4; lastKnownFileType = sourcecode.c.objc; path = ViewController_0.m; sourceTree = "<group>"; };
		402E254F1E63C277006B525D /* ViewController_2.h */ = {isa = PBXFileReference; fileEncoding = 4; lastKnownFileType = sourcecode.c.h; path = ViewController_2.h; sourceTree = "<group>"; };
		402E25501E63C277006B525D /* ViewController_2.m */ = {isa = PBXFileReference; fileEncoding = 4; lastKnownFileType = sourcecode.c.objc; path = ViewController_2.m; sourceTree = "<group>"; };
		402E25521E63C282006B525D /* ViewController_1.h */ = {isa = PBXFileReference; fileEncoding = 4; lastKnownFileType = sourcecode.c.h; path = ViewController_1.h; sourceTree = "<group>"; };
		402E25531E63C282006B525D /* ViewController_1.m */ = {isa = PBXFileReference; fileEncoding = 4; lastKnownFileType = sourcecode.c.objc; path = ViewController_1.m; sourceTree = "<group>"; };
		402E25551E63C28E006B525D /* ViewController_3.h */ = {isa = PBXFileReference; fileEncoding = 4; lastKnownFileType = sourcecode.c.h; path = ViewController_3.h; sourceTree = "<group>"; };
		402E25561E63C28E006B525D /* ViewController_3.m */ = {isa = PBXFileReference; fileEncoding = 4; lastKnownFileType = sourcecode.c.objc; path = ViewController_3.m; sourceTree = "<group>"; };
		402E25581E63C298006B525D /* ViewController_4.h */ = {isa = PBXFileReference; fileEncoding = 4; lastKnownFileType = sourcecode.c.h; path = ViewController_4.h; sourceTree = "<group>"; };
		402E25591E63C298006B525D /* ViewController_4.m */ = {isa = PBXFileReference; fileEncoding = 4; lastKnownFileType = sourcecode.c.objc; path = ViewController_4.m; sourceTree = "<group>"; };
		402E255B1E63C2A9006B525D /* ViewController_5.h */ = {isa = PBXFileReference; fileEncoding = 4; lastKnownFileType = sourcecode.c.h; path = ViewController_5.h; sourceTree = "<group>"; };
		402E255C1E63C2A9006B525D /* ViewController_5.m */ = {isa = PBXFileReference; fileEncoding = 4; lastKnownFileType = sourcecode.c.objc; path = ViewController_5.m; sourceTree = "<group>"; };
		402E255E1E63C2B8006B525D /* ViewController_6.h */ = {isa = PBXFileReference; fileEncoding = 4; lastKnownFileType = sourcecode.c.h; path = ViewController_6.h; sourceTree = "<group>"; };
		402E255F1E63C2B8006B525D /* ViewController_6.m */ = {isa = PBXFileReference; fileEncoding = 4; lastKnownFileType = sourcecode.c.objc; path = ViewController_6.m; sourceTree = "<group>"; };
		402E25611E63C2E2006B525D /* ViewController_7.h */ = {isa = PBXFileReference; fileEncoding = 4; lastKnownFileType = sourcecode.c.h; path = ViewController_7.h; sourceTree = "<group>"; };
		402E25621E63C2E2006B525D /* ViewController_7.m */ = {isa = PBXFileReference; fileEncoding = 4; lastKnownFileType = sourcecode.c.objc; path = ViewController_7.m; sourceTree = "<group>"; };
		402E25671E63D071006B525D /* onimage.png */ = {isa = PBXFileReference; lastKnownFileType = image.png; path = onimage.png; sourceTree = "<group>"; };
/* End PBXFileReference section */

/* Begin PBXFrameworksBuildPhase section */
		402E25101E63C1B0006B525D /* Frameworks */ = {
			isa = PBXFrameworksBuildPhase;
			buildActionMask = 2147483647;
			files = (
			);
			runOnlyForDeploymentPostprocessing = 0;
		};
		402E25291E63C1B0006B525D /* Frameworks */ = {
			isa = PBXFrameworksBuildPhase;
			buildActionMask = 2147483647;
			files = (
			);
			runOnlyForDeploymentPostprocessing = 0;
		};
		402E25341E63C1B0006B525D /* Frameworks */ = {
			isa = PBXFrameworksBuildPhase;
			buildActionMask = 2147483647;
			files = (
			);
			runOnlyForDeploymentPostprocessing = 0;
		};
/* End PBXFrameworksBuildPhase section */

/* Begin PBXGroup section */
		402E250A1E63C1B0006B525D = {
			isa = PBXGroup;
			children = (
				402E25151E63C1B0006B525D /* OtherViews */,
				402E252F1E63C1B0006B525D /* OtherViewsTests */,
				402E253A1E63C1B0006B525D /* OtherViewsUITests */,
				402E25141E63C1B0006B525D /* Products */,
			);
			sourceTree = "<group>";
		};
		402E25141E63C1B0006B525D /* Products */ = {
			isa = PBXGroup;
			children = (
				402E25131E63C1B0006B525D /* OtherViews.app */,
				402E252C1E63C1B0006B525D /* OtherViewsTests.xctest */,
				402E25371E63C1B0006B525D /* OtherViewsUITests.xctest */,
			);
			name = Products;
			sourceTree = "<group>";
		};
		402E25151E63C1B0006B525D /* OtherViews */ = {
			isa = PBXGroup;
			children = (
				402E25671E63D071006B525D /* onimage.png */,
				402E25191E63C1B0006B525D /* AppDelegate.h */,
				402E251A1E63C1B0006B525D /* AppDelegate.m */,
				402E25491E63C1FC006B525D /* RootViewController.h */,
				402E254A1E63C1FC006B525D /* RootViewController.m */,
				402E254C1E63C26C006B525D /* ViewController_0.h */,
				402E254D1E63C26C006B525D /* ViewController_0.m */,
				402E25521E63C282006B525D /* ViewController_1.h */,
				402E25531E63C282006B525D /* ViewController_1.m */,
				402E254F1E63C277006B525D /* ViewController_2.h */,
				402E25501E63C277006B525D /* ViewController_2.m */,
				402E25551E63C28E006B525D /* ViewController_3.h */,
				402E25561E63C28E006B525D /* ViewController_3.m */,
				402E25581E63C298006B525D /* ViewController_4.h */,
				402E25591E63C298006B525D /* ViewController_4.m */,
				402E255B1E63C2A9006B525D /* ViewController_5.h */,
				402E255C1E63C2A9006B525D /* ViewController_5.m */,
				402E255E1E63C2B8006B525D /* ViewController_6.h */,
				402E255F1E63C2B8006B525D /* ViewController_6.m */,
				402E25611E63C2E2006B525D /* ViewController_7.h */,
				402E25621E63C2E2006B525D /* ViewController_7.m */,
				402E251F1E63C1B0006B525D /* Main.storyboard */,
				402E25221E63C1B0006B525D /* Assets.xcassets */,
				402E25241E63C1B0006B525D /* LaunchScreen.storyboard */,
				402E25271E63C1B0006B525D /* Info.plist */,
				402E25161E63C1B0006B525D /* Supporting Files */,
			);
			path = OtherViews;
			sourceTree = "<group>";
		};
		402E25161E63C1B0006B525D /* Supporting Files */ = {
			isa = PBXGroup;
			children = (
				402E25171E63C1B0006B525D /* main.m */,
			);
			name = "Supporting Files";
			sourceTree = "<group>";
		};
		402E252F1E63C1B0006B525D /* OtherViewsTests */ = {
			isa = PBXGroup;
			children = (
				402E25301E63C1B0006B525D /* OtherViewsTests.m */,
				402E25321E63C1B0006B525D /* Info.plist */,
			);
			path = OtherViewsTests;
			sourceTree = "<group>";
		};
		402E253A1E63C1B0006B525D /* OtherViewsUITests */ = {
			isa = PBXGroup;
			children = (
				402E253B1E63C1B0006B525D /* OtherViewsUITests.m */,
				402E253D1E63C1B0006B525D /* Info.plist */,
			);
			path = OtherViewsUITests;
			sourceTree = "<group>";
		};
/* End PBXGroup section */

/* Begin PBXNativeTarget section */
		402E25121E63C1B0006B525D /* OtherViews */ = {
			isa = PBXNativeTarget;
			buildConfigurationList = 402E25401E63C1B0006B525D /* Build configuration list for PBXNativeTarget "OtherViews" */;
			buildPhases = (
				402E250F1E63C1B0006B525D /* Sources */,
				402E25101E63C1B0006B525D /* Frameworks */,
				402E25111E63C1B0006B525D /* Resources */,
			);
			buildRules = (
			);
			dependencies = (
			);
			name = OtherViews;
			productName = OtherViews;
			productReference = 402E25131E63C1B0006B525D /* OtherViews.app */;
			productType = "com.apple.product-type.application";
		};
		402E252B1E63C1B0006B525D /* OtherViewsTests */ = {
			isa = PBXNativeTarget;
			buildConfigurationList = 402E25431E63C1B0006B525D /* Build configuration list for PBXNativeTarget "OtherViewsTests" */;
			buildPhases = (
				402E25281E63C1B0006B525D /* Sources */,
				402E25291E63C1B0006B525D /* Frameworks */,
				402E252A1E63C1B0006B525D /* Resources */,
			);
			buildRules = (
			);
			dependencies = (
				402E252E1E63C1B0006B525D /* PBXTargetDependency */,
			);
			name = OtherViewsTests;
			productName = OtherViewsTests;
			productReference = 402E252C1E63C1B0006B525D /* OtherViewsTests.xctest */;
			productType = "com.apple.product-type.bundle.unit-test";
		};
		402E25361E63C1B0006B525D /* OtherViewsUITests */ = {
			isa = PBXNativeTarget;
			buildConfigurationList = 402E25461E63C1B0006B525D /* Build configuration list for PBXNativeTarget "OtherViewsUITests" */;
			buildPhases = (
				402E25331E63C1B0006B525D /* Sources */,
				402E25341E63C1B0006B525D /* Frameworks */,
				402E25351E63C1B0006B525D /* Resources */,
			);
			buildRules = (
			);
			dependencies = (
				402E25391E63C1B0006B525D /* PBXTargetDependency */,
			);
			name = OtherViewsUITests;
			productName = OtherViewsUITests;
			productReference = 402E25371E63C1B0006B525D /* OtherViewsUITests.xctest */;
			productType = "com.apple.product-type.bundle.ui-testing";
		};
/* End PBXNativeTarget section */

/* Begin PBXProject section */
		402E250B1E63C1B0006B525D /* Project object */ = {
			isa = PBXProject;
			attributes = {
				LastUpgradeCheck = 0820;
				ORGANIZATIONNAME = WangQiao;
				TargetAttributes = {
					402E25121E63C1B0006B525D = {
						CreatedOnToolsVersion = 8.2.1;
						ProvisioningStyle = Automatic;
					};
					402E252B1E63C1B0006B525D = {
						CreatedOnToolsVersion = 8.2.1;
						ProvisioningStyle = Automatic;
						TestTargetID = 402E25121E63C1B0006B525D;
					};
					402E25361E63C1B0006B525D = {
						CreatedOnToolsVersion = 8.2.1;
						ProvisioningStyle = Automatic;
						TestTargetID = 402E25121E63C1B0006B525D;
					};
				};
			};
			buildConfigurationList = 402E250E1E63C1B0006B525D /* Build configuration list for PBXProject "OtherViews" */;
			compatibilityVersion = "Xcode 3.2";
			developmentRegion = English;
			hasScannedForEncodings = 0;
			knownRegions = (
				en,
				Base,
			);
			mainGroup = 402E250A1E63C1B0006B525D;
			productRefGroup = 402E25141E63C1B0006B525D /* Products */;
			projectDirPath = "";
			projectRoot = "";
			targets = (
				402E25121E63C1B0006B525D /* OtherViews */,
				402E252B1E63C1B0006B525D /* OtherViewsTests */,
				402E25361E63C1B0006B525D /* OtherViewsUITests */,
			);
		};
/* End PBXProject section */

/* Begin PBXResourcesBuildPhase section */
		402E25111E63C1B0006B525D /* Resources */ = {
			isa = PBXResourcesBuildPhase;
			buildActionMask = 2147483647;
			files = (
				402E25261E63C1B0006B525D /* LaunchScreen.storyboard in Resources */,
				402E25231E63C1B0006B525D /* Assets.xcassets in Resources */,
				402E25681E63D071006B525D /* onimage.png in Resources */,
				402E25211E63C1B0006B525D /* Main.storyboard in Resources */,
			);
			runOnlyForDeploymentPostprocessing = 0;
		};
		402E252A1E63C1B0006B525D /* Resources */ = {
			isa = PBXResourcesBuildPhase;
			buildActionMask = 2147483647;
			files = (
			);
			runOnlyForDeploymentPostprocessing = 0;
		};
		402E25351E63C1B0006B525D /* Resources */ = {
			isa = PBXResourcesBuildPhase;
			buildActionMask = 2147483647;
			files = (
			);
			runOnlyForDeploymentPostprocessing = 0;
		};
/* End PBXResourcesBuildPhase section */

/* Begin PBXSourcesBuildPhase section */
		402E250F1E63C1B0006B525D /* Sources */ = {
			isa = PBXSourcesBuildPhase;
			buildActionMask = 2147483647;
			files = (
				402E25571E63C28E006B525D /* ViewController_3.m in Sources */,
				402E25541E63C282006B525D /* ViewController_1.m in Sources */,
				402E25511E63C277006B525D /* ViewController_2.m in Sources */,
				402E251B1E63C1B0006B525D /* AppDelegate.m in Sources */,
				402E25631E63C2E2006B525D /* ViewController_7.m in Sources */,
				402E25181E63C1B0006B525D /* main.m in Sources */,
				402E25601E63C2B8006B525D /* ViewController_6.m in Sources */,
				402E254B1E63C1FC006B525D /* RootViewController.m in Sources */,
				402E254E1E63C26C006B525D /* ViewController_0.m in Sources */,
				402E255A1E63C298006B525D /* ViewController_4.m in Sources */,
				402E255D1E63C2A9006B525D /* ViewController_5.m in Sources */,
			);
			runOnlyForDeploymentPostprocessing = 0;
		};
		402E25281E63C1B0006B525D /* Sources */ = {
			isa = PBXSourcesBuildPhase;
			buildActionMask = 2147483647;
			files = (
				402E25311E63C1B0006B525D /* OtherViewsTests.m in Sources */,
			);
			runOnlyForDeploymentPostprocessing = 0;
		};
		402E25331E63C1B0006B525D /* Sources */ = {
			isa = PBXSourcesBuildPhase;
			buildActionMask = 2147483647;
			files = (
				402E253C1E63C1B0006B525D /* OtherViewsUITests.m in Sources */,
			);
			runOnlyForDeploymentPostprocessing = 0;
		};
/* End PBXSourcesBuildPhase section */

/* Begin PBXTargetDependency section */
		402E252E1E63C1B0006B525D /* PBXTargetDependency */ = {
			isa = PBXTargetDependency;
			target = 402E25121E63C1B0006B525D /* OtherViews */;
			targetProxy = 402E252D1E63C1B0006B525D /* PBXContainerItemProxy */;
		};
		402E25391E63C1B0006B525D /* PBXTargetDependency */ = {
			isa = PBXTargetDependency;
			target = 402E25121E63C1B0006B525D /* OtherViews */;
			targetProxy = 402E25381E63C1B0006B525D /* PBXContainerItemProxy */;
		};
/* End PBXTargetDependency section */

/* Begin PBXVariantGroup section */
		402E251F1E63C1B0006B525D /* Main.storyboard */ = {
			isa = PBXVariantGroup;
			children = (
				402E25201E63C1B0006B525D /* Base */,
			);
			name = Main.storyboard;
			sourceTree = "<group>";
		};
		402E25241E63C1B0006B525D /* LaunchScreen.storyboard */ = {
			isa = PBXVariantGroup;
			children = (
				402E25251E63C1B0006B525D /* Base */,
			);
			name = LaunchScreen.storyboard;
			sourceTree = "<group>";
		};
/* End PBXVariantGroup section */

/* Begin XCBuildConfiguration section */
		402E253E1E63C1B0006B525D /* Debug */ = {
			isa = XCBuildConfiguration;
			buildSettings = {
				ALWAYS_SEARCH_USER_PATHS = NO;
				CLANG_ANALYZER_NONNULL = YES;
				CLANG_CXX_LANGUAGE_STANDARD = "gnu++0x";
				CLANG_CXX_LIBRARY = "libc++";
				CLANG_ENABLE_MODULES = YES;
				CLANG_ENABLE_OBJC_ARC = YES;
				CLANG_WARN_BOOL_CONVERSION = YES;
				CLANG_WARN_CONSTANT_CONVERSION = YES;
				CLANG_WARN_DIRECT_OBJC_ISA_USAGE = YES_ERROR;
				CLANG_WARN_DOCUMENTATION_COMMENTS = YES;
				CLANG_WARN_EMPTY_BODY = YES;
				CLANG_WARN_ENUM_CONVERSION = YES;
				CLANG_WARN_INFINITE_RECURSION = YES;
				CLANG_WARN_INT_CONVERSION = YES;
				CLANG_WARN_OBJC_ROOT_CLASS = YES_ERROR;
				CLANG_WARN_SUSPICIOUS_MOVE = YES;
				CLANG_WARN_UNREACHABLE_CODE = YES;
				CLANG_WARN__DUPLICATE_METHOD_MATCH = YES;
				"CODE_SIGN_IDENTITY[sdk=iphoneos*]" = "iPhone Developer";
				COPY_PHASE_STRIP = NO;
				DEBUG_INFORMATION_FORMAT = dwarf;
				ENABLE_STRICT_OBJC_MSGSEND = YES;
				ENABLE_TESTABILITY = YES;
				GCC_C_LANGUAGE_STANDARD = gnu99;
				GCC_DYNAMIC_NO_PIC = NO;
				GCC_NO_COMMON_BLOCKS = YES;
				GCC_OPTIMIZATION_LEVEL = 0;
				GCC_PREPROCESSOR_DEFINITIONS = (
					"DEBUG=1",
					"$(inherited)",
				);
				GCC_WARN_64_TO_32_BIT_CONVERSION = YES;
				GCC_WARN_ABOUT_RETURN_TYPE = YES_ERROR;
				GCC_WARN_UNDECLARED_SELECTOR = YES;
				GCC_WARN_UNINITIALIZED_AUTOS = YES_AGGRESSIVE;
				GCC_WARN_UNUSED_FUNCTION = YES;
				GCC_WARN_UNUSED_VARIABLE = YES;
				IPHONEOS_DEPLOYMENT_TARGET = 10.2;
				MTL_ENABLE_DEBUG_INFO = YES;
				ONLY_ACTIVE_ARCH = YES;
				SDKROOT = iphoneos;
				TARGETED_DEVICE_FAMILY = "1,2";
			};
			name = Debug;
		};
		402E253F1E63C1B0006B525D /* Release */ = {
			isa = XCBuildConfiguration;
			buildSettings = {
				ALWAYS_SEARCH_USER_PATHS = NO;
				CLANG_ANALYZER_NONNULL = YES;
				CLANG_CXX_LANGUAGE_STANDARD = "gnu++0x";
				CLANG_CXX_LIBRARY = "libc++";
				CLANG_ENABLE_MODULES = YES;
				CLANG_ENABLE_OBJC_ARC = YES;
				CLANG_WARN_BOOL_CONVERSION = YES;
				CLANG_WARN_CONSTANT_CONVERSION = YES;
				CLANG_WARN_DIRECT_OBJC_ISA_USAGE = YES_ERROR;
				CLANG_WARN_DOCUMENTATION_COMMENTS = YES;
				CLANG_WARN_EMPTY_BODY = YES;
				CLANG_WARN_ENUM_CONVERSION = YES;
				CLANG_WARN_INFINITE_RECURSION = YES;
				CLANG_WARN_INT_CONVERSION = YES;
				CLANG_WARN_OBJC_ROOT_CLASS = YES_ERROR;
				CLANG_WARN_SUSPICIOUS_MOVE = YES;
				CLANG_WARN_UNREACHABLE_CODE = YES;
				CLANG_WARN__DUPLICATE_METHOD_MATCH = YES;
				"CODE_SIGN_IDENTITY[sdk=iphoneos*]" = "iPhone Developer";
				COPY_PHASE_STRIP = NO;
				DEBUG_INFORMATION_FORMAT = "dwarf-with-dsym";
				ENABLE_NS_ASSERTIONS = NO;
				ENABLE_STRICT_OBJC_MSGSEND = YES;
				GCC_C_LANGUAGE_STANDARD = gnu99;
				GCC_NO_COMMON_BLOCKS = YES;
				GCC_WARN_64_TO_32_BIT_CONVERSION = YES;
				GCC_WARN_ABOUT_RETURN_TYPE = YES_ERROR;
				GCC_WARN_UNDECLARED_SELECTOR = YES;
				GCC_WARN_UNINITIALIZED_AUTOS = YES_AGGRESSIVE;
				GCC_WARN_UNUSED_FUNCTION = YES;
				GCC_WARN_UNUSED_VARIABLE = YES;
				IPHONEOS_DEPLOYMENT_TARGET = 10.2;
				MTL_ENABLE_DEBUG_INFO = NO;
				SDKROOT = iphoneos;
				TARGETED_DEVICE_FAMILY = "1,2";
				VALIDATE_PRODUCT = YES;
			};
			name = Release;
		};
		402E25411E63C1B0006B525D /* Debug */ = {
			isa = XCBuildConfiguration;
			buildSettings = {
				ASSETCATALOG_COMPILER_APPICON_NAME = AppIcon;
				INFOPLIST_FILE = OtherViews/Info.plist;
				LD_RUNPATH_SEARCH_PATHS = "$(inherited) @executable_path/Frameworks";
				PRODUCT_BUNDLE_IDENTIFIER = techcode.OtherViews;
				PRODUCT_NAME = "$(TARGET_NAME)";
			};
			name = Debug;
		};
		402E25421E63C1B0006B525D /* Release */ = {
			isa = XCBuildConfiguration;
			buildSettings = {
				ASSETCATALOG_COMPILER_APPICON_NAME = AppIcon;
				INFOPLIST_FILE = OtherViews/Info.plist;
				LD_RUNPATH_SEARCH_PATHS = "$(inherited) @executable_path/Frameworks";
				PRODUCT_BUNDLE_IDENTIFIER = techcode.OtherViews;
				PRODUCT_NAME = "$(TARGET_NAME)";
			};
			name = Release;
		};
		402E25441E63C1B0006B525D /* Debug */ = {
			isa = XCBuildConfiguration;
			buildSettings = {
				BUNDLE_LOADER = "$(TEST_HOST)";
				INFOPLIST_FILE = OtherViewsTests/Info.plist;
				LD_RUNPATH_SEARCH_PATHS = "$(inherited) @executable_path/Frameworks @loader_path/Frameworks";
				PRODUCT_BUNDLE_IDENTIFIER = techcode.OtherViewsTests;
				PRODUCT_NAME = "$(TARGET_NAME)";
				TEST_HOST = "$(BUILT_PRODUCTS_DIR)/OtherViews.app/OtherViews";
			};
			name = Debug;
		};
		402E25451E63C1B0006B525D /* Release */ = {
			isa = XCBuildConfiguration;
			buildSettings = {
				BUNDLE_LOADER = "$(TEST_HOST)";
				INFOPLIST_FILE = OtherViewsTests/Info.plist;
				LD_RUNPATH_SEARCH_PATHS = "$(inherited) @executable_path/Frameworks @loader_path/Frameworks";
				PRODUCT_BUNDLE_IDENTIFIER = techcode.OtherViewsTests;
				PRODUCT_NAME = "$(TARGET_NAME)";
				TEST_HOST = "$(BUILT_PRODUCTS_DIR)/OtherViews.app/OtherViews";
			};
			name = Release;
		};
		402E25471E63C1B0006B525D /* Debug */ = {
			isa = XCBuildConfiguration;
			buildSettings = {
				INFOPLIST_FILE = OtherViewsUITests/Info.plist;
				LD_RUNPATH_SEARCH_PATHS = "$(inherited) @executable_path/Frameworks @loader_path/Frameworks";
				PRODUCT_BUNDLE_IDENTIFIER = techcode.OtherViewsUITests;
				PRODUCT_NAME = "$(TARGET_NAME)";
				TEST_TARGET_NAME = OtherViews;
			};
			name = Debug;
		};
		402E25481E63C1B0006B525D /* Release */ = {
			isa = XCBuildConfiguration;
			buildSettings = {
				INFOPLIST_FILE = OtherViewsUITests/Info.plist;
				LD_RUNPATH_SEARCH_PATHS = "$(inherited) @executable_path/Frameworks @loader_path/Frameworks";
				PRODUCT_BUNDLE_IDENTIFIER = techcode.OtherViewsUITests;
				PRODUCT_NAME = "$(TARGET_NAME)";
				TEST_TARGET_NAME = OtherViews;
			};
			name = Release;
		};
/* End XCBuildConfiguration section */

/* Begin XCConfigurationList section */
		402E250E1E63C1B0006B525D /* Build configuration list for PBXProject "OtherViews" */ = {
			isa = XCConfigurationList;
			buildConfigurations = (
				402E253E1E63C1B0006B525D /* Debug */,
				402E253F1E63C1B0006B525D /* Release */,
			);
			defaultConfigurationIsVisible = 0;
			defaultConfigurationName = Release;
		};
		402E25401E63C1B0006B525D /* Build configuration list for PBXNativeTarget "OtherViews" */ = {
			isa = XCConfigurationList;
			buildConfigurations = (
				402E25411E63C1B0006B525D /* Debug */,
				402E25421E63C1B0006B525D /* Release */,
			);
			defaultConfigurationIsVisible = 0;
			defaultConfigurationName = Release;
		};
		402E25431E63C1B0006B525D /* Build configuration list for PBXNativeTarget "OtherViewsTests" */ = {
			isa = XCConfigurationList;
			buildConfigurations = (
				402E25441E63C1B0006B525D /* Debug */,
				402E25451E63C1B0006B525D /* Release */,
			);
			defaultConfigurationIsVisible = 0;
			defaultConfigurationName = Release;
		};
		402E25461E63C1B0006B525D /* Build configuration list for PBXNativeTarget "OtherViewsUITests" */ = {
			isa = XCConfigurationList;
			buildConfigurations = (
				402E25471E63C1B0006B525D /* Debug */,
				402E25481E63C1B0006B525D /* Release */,
			);
			defaultConfigurationIsVisible = 0;
			defaultConfigurationName = Release;
		};
/* End XCConfigurationList section */
	};
	rootObject = 402E250B1E63C1B0006B525D /* Project object */;
}
